<?xml version="1.0" encoding="utf-8"?>
<Project ToolsVersion="4.0" xmlns="http://schemas.microsoft.com/developer/msbuild/2003">
  <ItemGroup>
    <Filter Include="ソース ファイル">
      <UniqueIdentifier>{4FC737F1-C7A5-4376-A066-2A32D752A2FF}</UniqueIdentifier>
      <Extensions>cpp;c;cc;cxx;def;odl;idl;hpj;bat;asm;asmx</Extensions>
    </Filter>
    <Filter Include="ヘッダー ファイル">
      <UniqueIdentifier>{93995380-89BD-4b04-88EB-625FBE52EBFB}</UniqueIdentifier>
      <Extensions>h;hh;hpp;hxx;hm;inl;inc;xsd</Extensions>
    </Filter>
    <Filter Include="リソース ファイル">
      <UniqueIdentifier>{67DA6AB6-F800-4c08-8B7A-83BB121AAD01}</UniqueIdentifier>
      <Extensions>rc;ico;cur;bmp;dlg;rc2;rct;bin;rgs;gif;jpg;jpeg;jpe;resx;tiff;tif;png;wav;mfcribbon-ms</Extensions>
    </Filter>
    <Filter Include="ソース ファイル\Charactor">
      <UniqueIdentifier>{d83f5508-ebc2-4da1-8bdb-32fa7de28f07}</UniqueIdentifier>
    </Filter>
    <Filter Include="ソース ファイル\Object">
      <UniqueIdentifier>{ed89e0ea-f459-47df-93d7-1f7c5aae86bf}</UniqueIdentifier>
    </Filter>
    <Filter Include="ソース ファイル\Mode">
      <UniqueIdentifier>{ee16e5e3-e151-4fbe-a9ae-85da5f81d95c}</UniqueIdentifier>
    </Filter>
    <Filter Include="ソース ファイル\System">
      <UniqueIdentifier>{4647adb4-c21e-4df2-97e6-fffde2c916e4}</UniqueIdentifier>
    </Filter>
    <Filter Include="ソース ファイル\UI">
      <UniqueIdentifier>{67b44dc6-ff27-4166-b326-01597c5918ee}</UniqueIdentifier>
    </Filter>
    <Filter Include="ソース ファイル\Effect">
      <UniqueIdentifier>{fc6a252f-dcd9-4102-9e6a-be8a0fc11a37}</UniqueIdentifier>
    </Filter>
    <Filter Include="ソース ファイル\Mode\Title">
      <UniqueIdentifier>{f53b8c6d-5103-4036-87cf-d85224b11f19}</UniqueIdentifier>
    </Filter>
    <Filter Include="ソース ファイル\Mode\Tutorial">
      <UniqueIdentifier>{34bcbef1-629f-4c86-b95a-9eacb076413f}</UniqueIdentifier>
    </Filter>
    <Filter Include="ソース ファイル\Mode\Pause">
      <UniqueIdentifier>{19dec927-ef1b-42da-9fe1-3f8b4f9486aa}</UniqueIdentifier>
    </Filter>
    <Filter Include="ヘッダー ファイル\Charactor">
      <UniqueIdentifier>{3073d9a9-8f9b-4008-8ff9-cb96a6226850}</UniqueIdentifier>
    </Filter>
    <Filter Include="ヘッダー ファイル\Mode">
      <UniqueIdentifier>{d2c373c1-5ace-4cf1-aa1a-2308b6dcdd66}</UniqueIdentifier>
    </Filter>
    <Filter Include="ヘッダー ファイル\Mode\Title">
      <UniqueIdentifier>{cdb4ef61-eade-416b-bd64-be8cc13146c3}</UniqueIdentifier>
    </Filter>
    <Filter Include="ヘッダー ファイル\Mode\Tutorial">
      <UniqueIdentifier>{403b3ea0-f173-4ac1-85e5-0524dcc46897}</UniqueIdentifier>
    </Filter>
    <Filter Include="ヘッダー ファイル\Mode\Pause">
      <UniqueIdentifier>{2d4c88db-f01d-4754-bfa4-8a280709a226}</UniqueIdentifier>
    </Filter>
    <Filter Include="ヘッダー ファイル\Effect">
      <UniqueIdentifier>{66d4c2d2-5063-44bb-ab28-925cfb3676f6}</UniqueIdentifier>
    </Filter>
    <Filter Include="ヘッダー ファイル\UI">
      <UniqueIdentifier>{79a65000-ea1b-4bcd-bf7b-d17f76b42ee8}</UniqueIdentifier>
    </Filter>
    <Filter Include="ヘッダー ファイル\System">
      <UniqueIdentifier>{9c6c27c9-2bec-423f-aaab-ce84497f7277}</UniqueIdentifier>
    </Filter>
    <Filter Include="ヘッダー ファイル\Object">
      <UniqueIdentifier>{a7a15f40-c720-4d3f-8ee3-a283d1802fc6}</UniqueIdentifier>
    </Filter>
  </ItemGroup>
  <ItemGroup>
    <ClCompile Include="enemy.cpp">
      <Filter>ソース ファイル\Charactor</Filter>
    </ClCompile>
    <ClCompile Include="Player.cpp">
      <Filter>ソース ファイル\Charactor</Filter>
    </ClCompile>
    <ClCompile Include="bg.cpp">
      <Filter>ソース ファイル\Object</Filter>
    </ClCompile>
    <ClCompile Include="Block.cpp">
      <Filter>ソース ファイル\Object</Filter>
    </ClCompile>
    <ClCompile Include="bow.cpp">
      <Filter>ソース ファイル\Object</Filter>
    </ClCompile>
    <ClCompile Include="Door.cpp">
      <Filter>ソース ファイル\Object</Filter>
    </ClCompile>
    <ClCompile Include="Game.cpp">
      <Filter>ソース ファイル\Mode</Filter>
    </ClCompile>
    <ClCompile Include="input.cpp">
      <Filter>ソース ファイル\System</Filter>
    </ClCompile>
    <ClCompile Include="InterFase.cpp">
      <Filter>ソース ファイル\UI</Filter>
    </ClCompile>
    <ClCompile Include="main.cpp">
      <Filter>ソース ファイル\System</Filter>
    </ClCompile>
    <ClCompile Include="Item.cpp">
      <Filter>ソース ファイル\Object</Filter>
    </ClCompile>
    <ClCompile Include="migawari.cpp">
      <Filter>ソース ファイル\Object</Filter>
    </ClCompile>
    <ClCompile Include="mist.cpp">
      <Filter>ソース ファイル\Object</Filter>
    </ClCompile>
    <ClCompile Include="sound.cpp">
      <Filter>ソース ファイル\System</Filter>
    </ClCompile>
    <ClCompile Include="Life.cpp">
      <Filter>ソース ファイル\UI</Filter>
    </ClCompile>
    <ClCompile Include="Explosion.cpp">
      <Filter>ソース ファイル\Effect</Filter>
    </ClCompile>
    <ClCompile Include="Title.cpp">
      <Filter>ソース ファイル\Mode\Title</Filter>
    </ClCompile>
    <ClCompile Include="TitleBG.cpp">
      <Filter>ソース ファイル\Mode\Title</Filter>
    </ClCompile>
    <ClCompile Include="TitleRogo.cpp">
      <Filter>ソース ファイル\Mode\Title</Filter>
    </ClCompile>
    <ClCompile Include="tutorial.cpp">
      <Filter>ソース ファイル\Mode\Tutorial</Filter>
    </ClCompile>
    <ClCompile Include="TutorialBG.cpp">
      <Filter>ソース ファイル\Mode\Tutorial</Filter>
    </ClCompile>
    <ClCompile Include="Pause.cpp">
      <Filter>ソース ファイル\Mode\Pause</Filter>
    </ClCompile>
    <ClCompile Include="PauseBG.cpp">
      <Filter>ソース ファイル\Mode\Pause</Filter>
    </ClCompile>
    <ClCompile Include="PauseContinue.cpp">
      <Filter>ソース ファイル\Mode\Pause</Filter>
    </ClCompile>
    <ClCompile Include="PauseQuit.cpp">
      <Filter>ソース ファイル\Mode\Pause</Filter>
    </ClCompile>
    <ClCompile Include="PauseRetry.cpp">
      <Filter>ソース ファイル\Mode\Pause</Filter>
    </ClCompile>
    <ClCompile Include="RankingScore.cpp">
      <Filter>ソース ファイル\UI</Filter>
    </ClCompile>
    <ClCompile Include="score.cpp">
      <Filter>ソース ファイル\UI</Filter>
    </ClCompile>
    <ClCompile Include="Result.cpp">
      <Filter>ソース ファイル\Mode</Filter>
    </ClCompile>
    <ClCompile Include="Ranking.cpp">
      <Filter>ソース ファイル\Mode</Filter>
    </ClCompile>
    <ClCompile Include="time.cpp">
      <Filter>ソース ファイル\UI</Filter>
    </ClCompile>
    <ClCompile Include="fade.cpp">
      <Filter>ソース ファイル\System</Filter>
    </ClCompile>
  </ItemGroup>
  <ItemGroup>
    <ClInclude Include="enemy.h">
      <Filter>ヘッダー ファイル\Charactor</Filter>
    </ClInclude>
    <ClInclude Include="Player.h">
      <Filter>ヘッダー ファイル\Charactor</Filter>
    </ClInclude>
    <ClInclude Include="bg.h">
      <Filter>ヘッダー ファイル\Object</Filter>
    </ClInclude>
    <ClInclude Include="Block.h">
      <Filter>ヘッダー ファイル\Object</Filter>
    </ClInclude>
    <ClInclude Include="bow.h">
      <Filter>ヘッダー ファイル\Object</Filter>
    </ClInclude>
    <ClInclude Include="Door.h">
      <Filter>ヘッダー ファイル\Object</Filter>
    </ClInclude>
    <ClInclude Include="Explosion.h">
      <Filter>ヘッダー ファイル\Effect</Filter>
    </ClInclude>
    <ClInclude Include="fade.h">
      <Filter>ヘッダー ファイル\System</Filter>
    </ClInclude>
    <ClInclude Include="Game.h">
      <Filter>ヘッダー ファイル\Mode</Filter>
    </ClInclude>
    <ClInclude Include="input.h">
      <Filter>ヘッダー ファイル\System</Filter>
    </ClInclude>
    <ClInclude Include="InterFase.h">
      <Filter>ヘッダー ファイル\UI</Filter>
    </ClInclude>
    <ClInclude Include="Item.h">
      <Filter>ヘッダー ファイル\Object</Filter>
    </ClInclude>
    <ClInclude Include="Life.h">
      <Filter>ヘッダー ファイル\UI</Filter>
    </ClInclude>
    <ClInclude Include="main.h">
      <Filter>ヘッダー ファイル\System</Filter>
    </ClInclude>
    <ClInclude Include="migawari.h">
      <Filter>ヘッダー ファイル\Object</Filter>
    </ClInclude>
    <ClInclude Include="mist.h">
      <Filter>ヘッダー ファイル\Object</Filter>
    </ClInclude>
    <ClInclude Include="Pause.h">
      <Filter>ヘッダー ファイル\Mode\Pause</Filter>
    </ClInclude>
    <ClInclude Include="PauseBG.h">
      <Filter>ヘッダー ファイル\Mode\Pause</Filter>
    </ClInclude>
    <ClInclude Include="PauseContinue.h">
      <Filter>ヘッダー ファイル\Mode\Pause</Filter>
    </ClInclude>
    <ClInclude Include="PauseQuit.h">
      <Filter>ヘッダー ファイル\Mode\Pause</Filter>
    </ClInclude>
    <ClInclude Include="PauseRetry.h">
      <Filter>ヘッダー ファイル\Mode\Pause</Filter>
    </ClInclude>
    <ClInclude Include="Ranking.h">
      <Filter>ヘッダー ファイル\Mode</Filter>
    </ClInclude>
    <ClInclude Include="RankingScore.h">
      <Filter>ヘッダー ファイル\UI</Filter>
    </ClInclude>
    <ClInclude Include="Result.h">
      <Filter>ヘッダー ファイル\Mode</Filter>
    </ClInclude>
    <ClInclude Include="score.h">
      <Filter>ヘッダー ファイル\UI</Filter>
    </ClInclude>
    <ClInclude Include="sound.h">
      <Filter>ヘッダー ファイル\System</Filter>
    </ClInclude>
    <ClInclude Include="time.h">
      <Filter>ヘッダー ファイル\UI</Filter>
    </ClInclude>
    <ClInclude Include="Title.h">
      <Filter>ヘッダー ファイル\Mode\Title</Filter>
    </ClInclude>
    <ClInclude Include="TitleBG.h">
      <Filter>ヘッダー ファイル\Mode\Title</Filter>
    </ClInclude>
    <ClInclude Include="TitleRogo.h">
      <Filter>ヘッダー ファイル\Mode\Title</Filter>
    </ClInclude>
    <ClInclude Include="tutorial.h">
      <Filter>ヘッダー ファイル\Mode\Tutorial</Filter>
    </ClInclude>
    <ClInclude Include="TutorialBG.h">
      <Filter>ヘッダー ファイル\Mode\Tutorial</Filter>
    </ClInclude>
  </ItemGroup>
</Project>